Microsoft Visual Studio Solution File, Format Version 12.00
# Visual Studio Version 17
VisualStudioVersion = 17.5.2.0
MinimumVisualStudioVersion = 10.0.40219.1
Project("{FAE04EC0-301F-11D3-BF4B-00C04F79EFBC}") = "CH347T_WinForm", "CH347T_WinForm.csproj", "{60FA84C2-D599-6981-E4D3-578C8DD532DC}"
EndProject
Global
	GlobalSection(SolutionConfigurationPlatforms) = preSolution
		Debug|Any CPU = Debug|Any CPU
		Release|Any CPU = Release|Any CPU
	EndGlobalSection
	GlobalSection(ProjectConfigurationPlatforms) = postSolution
		{60FA84C2-D599-6981-E4D3-578C8DD532DC}.Debug|Any CPU.ActiveCfg = Debug|Any CPU
		{60FA84C2-D599-6981-E4D3-578C8DD532DC}.Debug|Any CPU.Build.0 = Debug|Any CPU
		{60FA84C2-D599-6981-E4D3-578C8DD532DC}.Release|Any CPU.ActiveCfg = Release|Any CPU
		{60FA84C2-D599-6981-E4D3-578C8DD532DC}.Release|Any CPU.Build.0 = Release|Any CPU
	EndGlobalSection
	GlobalSection(SolutionProperties) = preSolution
		HideSolutionNode = FALSE
	EndGlobalSection
	GlobalSection(ExtensibilityGlobals) = postSolution
		SolutionGuid = {2CFA7E01-E3A7-479F-978F-7E1C252A7500}
	EndGlobalSection
EndGlobal
